// !$*UTF8*$!
{
	archiveVersion = 1;
	classes = {
	};
	objectVersion = 48;
	objects = {

/* Begin PBXBuildFile section */
		630F4F941F8845FF00F44F86 /* zarate.gif in Resources */ = {isa = PBXBuildFile; fileRef = 630F4F921F8845FE00F44F86 /* zarate.gif */; };
		630F4F951F8845FF00F44F86 /* comtesDeChampagne.jpg in Resources */ = {isa = PBXBuildFile; fileRef = 630F4F931F8845FF00F44F86 /* comtesDeChampagne.jpg */; };
		630F4F981F8946FD00F44F86 /* SQAWineryModel.m in Sources */ = {isa = PBXBuildFile; fileRef = 630F4F971F8946FD00F44F86 /* SQAWineryModel.m */; };
		630F4F9C1F894D3F00F44F86 /* SQAWineryTableViewController.m in Sources */ = {isa = PBXBuildFile; fileRef = 630F4F9A1F894D3F00F44F86 /* SQAWineryTableViewController.m */; };
		630F4F9D1F894D3F00F44F86 /* SQAWineryTableViewController.xib in Resources */ = {isa = PBXBuildFile; fileRef = 630F4F9B1F894D3F00F44F86 /* SQAWineryTableViewController.xib */; };
		631CB58B1F92C73100961544 /* cell_bg@2x.png in Resources */ = {isa = PBXBuildFile; fileRef = 631CB5811F92C73100961544 /* cell_bg@2x.png */; };
		631CB58C1F92C73100961544 /* cell_icon_bg@2x.png in Resources */ = {isa = PBXBuildFile; fileRef = 631CB5821F92C73100961544 /* cell_icon_bg@2x.png */; };
		631CB58D1F92C73100961544 /* copa_cell.png in Resources */ = {isa = PBXBuildFile; fileRef = 631CB5831F92C73100961544 /* copa_cell.png */; };
		631CB58E1F92C73100961544 /* cell_icon_bg.png in Resources */ = {isa = PBXBuildFile; fileRef = 631CB5841F92C73100961544 /* cell_icon_bg.png */; };
		631CB58F1F92C73100961544 /* backBtn@2x.png in Resources */ = {isa = PBXBuildFile; fileRef = 631CB5851F92C73100961544 /* backBtn@2x.png */; };
		631CB5901F92C73100961544 /* cell_bg.png in Resources */ = {isa = PBXBuildFile; fileRef = 631CB5861F92C73100961544 /* cell_bg.png */; };
		631CB5911F92C73100961544 /* btn_bg.png in Resources */ = {isa = PBXBuildFile; fileRef = 631CB5871F92C73100961544 /* btn_bg.png */; };
		631CB5921F92C73100961544 /* btn_bg@2x.png in Resources */ = {isa = PBXBuildFile; fileRef = 631CB5881F92C73100961544 /* btn_bg@2x.png */; };
		631CB5931F92C73100961544 /* backBtn.png in Resources */ = {isa = PBXBuildFile; fileRef = 631CB5891F92C73100961544 /* backBtn.png */; };
		631CB5941F92C73100961544 /* copa_cell@2x.png in Resources */ = {isa = PBXBuildFile; fileRef = 631CB58A1F92C73100961544 /* copa_cell@2x.png */; };
		631CB5AF1F92C7A700961544 /* fileteBodega@2x.png in Resources */ = {isa = PBXBuildFile; fileRef = 631CB5951F92C7A600961544 /* fileteBodega@2x.png */; };
		631CB5B01F92C7A700961544 /* fileteUvaPortrait.png in Resources */ = {isa = PBXBuildFile; fileRef = 631CB5961F92C7A600961544 /* fileteUvaPortrait.png */; };
		631CB5B11F92C7A700961544 /* sectionBackground@2x.png in Resources */ = {isa = PBXBuildFile; fileRef = 631CB5971F92C7A600961544 /* sectionBackground@2x.png */; };
		631CB5B21F92C7A700961544 /* fileteUva.png in Resources */ = {isa = PBXBuildFile; fileRef = 631CB5981F92C7A600961544 /* fileteUva.png */; };
		631CB5B31F92C7A700961544 /* navBarBackgroundPortraitiPad@2x.png in Resources */ = {isa = PBXBuildFile; fileRef = 631CB5991F92C7A600961544 /* navBarBackgroundPortraitiPad@2x.png */; };
		631CB5B41F92C7A700961544 /* fileteTipoLandscape@2x.png in Resources */ = {isa = PBXBuildFile; fileRef = 631CB59A1F92C7A600961544 /* fileteTipoLandscape@2x.png */; };
		631CB5B51F92C7A700961544 /* fileteDenominacion@2x.png in Resources */ = {isa = PBXBuildFile; fileRef = 631CB59B1F92C7A600961544 /* fileteDenominacion@2x.png */; };
		631CB5B61F92C7A700961544 /* navBarBackgroundPortrait.png in Resources */ = {isa = PBXBuildFile; fileRef = 631CB59C1F92C7A600961544 /* navBarBackgroundPortrait.png */; };
		631CB5B71F92C7A700961544 /* navBarBackgroundLandscapeiPad@2x.png in Resources */ = {isa = PBXBuildFile; fileRef = 631CB59D1F92C7A600961544 /* navBarBackgroundLandscapeiPad@2x.png */; };
		631CB5B81F92C7A700961544 /* sectionBackground.png in Resources */ = {isa = PBXBuildFile; fileRef = 631CB59E1F92C7A600961544 /* sectionBackground.png */; };
		631CB5B91F92C7A700961544 /* navBarBackgroundLandscape.png in Resources */ = {isa = PBXBuildFile; fileRef = 631CB59F1F92C7A600961544 /* navBarBackgroundLandscape.png */; };
		631CB5BA1F92C7A700961544 /* fileteUvaPortrait@2x.png in Resources */ = {isa = PBXBuildFile; fileRef = 631CB5A01F92C7A600961544 /* fileteUvaPortrait@2x.png */; };
		631CB5BB1F92C7A700961544 /* fileteBodegaLandscape@2x.png in Resources */ = {isa = PBXBuildFile; fileRef = 631CB5A11F92C7A600961544 /* fileteBodegaLandscape@2x.png */; };
		631CB5BC1F92C7A700961544 /* navBarBackgroundPortraitiPad.png in Resources */ = {isa = PBXBuildFile; fileRef = 631CB5A21F92C7A600961544 /* navBarBackgroundPortraitiPad.png */; };
		631CB5BD1F92C7A700961544 /* fileteTipo.png in Resources */ = {isa = PBXBuildFile; fileRef = 631CB5A31F92C7A600961544 /* fileteTipo.png */; };
		631CB5BE1F92C7A700961544 /* navBarBackgroundLandscape@2x.png in Resources */ = {isa = PBXBuildFile; fileRef = 631CB5A41F92C7A700961544 /* navBarBackgroundLandscape@2x.png */; };
		631CB5BF1F92C7A700961544 /* fileteDenominacion.png in Resources */ = {isa = PBXBuildFile; fileRef = 631CB5A51F92C7A700961544 /* fileteDenominacion.png */; };
		631CB5C01F92C7A700961544 /* fileteBodega.png in Resources */ = {isa = PBXBuildFile; fileRef = 631CB5A61F92C7A700961544 /* fileteBodega.png */; };
		631CB5C11F92C7A700961544 /* fileteTipo@2x.png in Resources */ = {isa = PBXBuildFile; fileRef = 631CB5A71F92C7A700961544 /* fileteTipo@2x.png */; };
		631CB5C21F92C7A700961544 /* fileteBodegaLandscape.png in Resources */ = {isa = PBXBuildFile; fileRef = 631CB5A81F92C7A700961544 /* fileteBodegaLandscape.png */; };
		631CB5C31F92C7A700961544 /* navBarBackgroundPortrait@2x.png in Resources */ = {isa = PBXBuildFile; fileRef = 631CB5A91F92C7A700961544 /* navBarBackgroundPortrait@2x.png */; };
		631CB5C41F92C7A700961544 /* fileteTipoLandscape.png in Resources */ = {isa = PBXBuildFile; fileRef = 631CB5AA1F92C7A700961544 /* fileteTipoLandscape.png */; };
		631CB5C51F92C7A700961544 /* fileteOrigenLandscape@2x.png in Resources */ = {isa = PBXBuildFile; fileRef = 631CB5AB1F92C7A700961544 /* fileteOrigenLandscape@2x.png */; };
		631CB5C61F92C7A700961544 /* navBarBackgroundLandscapeiPad.png in Resources */ = {isa = PBXBuildFile; fileRef = 631CB5AC1F92C7A700961544 /* navBarBackgroundLandscapeiPad.png */; };
		631CB5C71F92C7A700961544 /* fileteUva@2x.png in Resources */ = {isa = PBXBuildFile; fileRef = 631CB5AD1F92C7A700961544 /* fileteUva@2x.png */; };
		631CB5C81F92C7A700961544 /* fileteOrigenLandscape.png in Resources */ = {isa = PBXBuildFile; fileRef = 631CB5AE1F92C7A700961544 /* fileteOrigenLandscape.png */; };
		631CB5CA1F92C83600961544 /* Valentina-Regular.otf in Resources */ = {isa = PBXBuildFile; fileRef = 631CB5C91F92C83600961544 /* Valentina-Regular.otf */; };
		634CC6B51F93BE9B0016DACB /* SQAWineViewController~ipad.xib in Resources */ = {isa = PBXBuildFile; fileRef = 634CC6B41F93BE9B0016DACB /* SQAWineViewController~ipad.xib */; };
		638AD8791F856CF600ACB7DC /* SQAWineViewController.m in Sources */ = {isa = PBXBuildFile; fileRef = 638AD8771F856CF600ACB7DC /* SQAWineViewController.m */; };
		638AD87A1F856CF600ACB7DC /* SQAWineViewController.xib in Resources */ = {isa = PBXBuildFile; fileRef = 638AD8781F856CF600ACB7DC /* SQAWineViewController.xib */; };
		638AD8851F85930900ACB7DC /* bembibre.jpg in Resources */ = {isa = PBXBuildFile; fileRef = 638AD8841F85930900ACB7DC /* bembibre.jpg */; };
		638AD8871F8593B100ACB7DC /* splitView_score_glass@2x.png in Resources */ = {isa = PBXBuildFile; fileRef = 638AD8861F8593B100ACB7DC /* splitView_score_glass@2x.png */; };
		63CC5EAF1F843CE800176AE3 /* AppDelegate.m in Sources */ = {isa = PBXBuildFile; fileRef = 63CC5EAE1F843CE800176AE3 /* AppDelegate.m */; };
		63CC5EB11F843CE800176AE3 /* Assets.xcassets in Resources */ = {isa = PBXBuildFile; fileRef = 63CC5EB01F843CE800176AE3 /* Assets.xcassets */; };
		63CC5EB71F843CE800176AE3 /* main.m in Sources */ = {isa = PBXBuildFile; fileRef = 63CC5EB61F843CE800176AE3 /* main.m */; };
		63CC5EE91F844DEE00176AE3 /* SQAWineModel.m in Sources */ = {isa = PBXBuildFile; fileRef = 63CC5EE81F844DEE00176AE3 /* SQAWineModel.m */; };
		63DF93921F85A2F10034603E /* SQAWebViewController.m in Sources */ = {isa = PBXBuildFile; fileRef = 63DF93901F85A2F10034603E /* SQAWebViewController.m */; };
		63DF93931F85A2F10034603E /* SQAWebViewController.xib in Resources */ = {isa = PBXBuildFile; fileRef = 63DF93911F85A2F10034603E /* SQAWebViewController.xib */; };
/* End PBXBuildFile section */

/* Begin PBXFileReference section */
		630F4F921F8845FE00F44F86 /* zarate.gif */ = {isa = PBXFileReference; lastKnownFileType = image.gif; path = zarate.gif; sourceTree = "<group>"; };
		630F4F931F8845FF00F44F86 /* comtesDeChampagne.jpg */ = {isa = PBXFileReference; lastKnownFileType = image.jpeg; path = comtesDeChampagne.jpg; sourceTree = "<group>"; };
		630F4F961F8946FD00F44F86 /* SQAWineryModel.h */ = {isa = PBXFileReference; lastKnownFileType = sourcecode.c.h; path = SQAWineryModel.h; sourceTree = "<group>"; };
		630F4F971F8946FD00F44F86 /* SQAWineryModel.m */ = {isa = PBXFileReference; lastKnownFileType = sourcecode.c.objc; path = SQAWineryModel.m; sourceTree = "<group>"; };
		630F4F991F894D3F00F44F86 /* SQAWineryTableViewController.h */ = {isa = PBXFileReference; lastKnownFileType = sourcecode.c.h; path = SQAWineryTableViewController.h; sourceTree = "<group>"; };
		630F4F9A1F894D3F00F44F86 /* SQAWineryTableViewController.m */ = {isa = PBXFileReference; lastKnownFileType = sourcecode.c.objc; path = SQAWineryTableViewController.m; sourceTree = "<group>"; };
		630F4F9B1F894D3F00F44F86 /* SQAWineryTableViewController.xib */ = {isa = PBXFileReference; lastKnownFileType = file.xib; path = SQAWineryTableViewController.xib; sourceTree = "<group>"; };
		631CB5811F92C73100961544 /* cell_bg@2x.png */ = {isa = PBXFileReference; lastKnownFileType = image.png; path = "cell_bg@2x.png"; sourceTree = "<group>"; };
		631CB5821F92C73100961544 /* cell_icon_bg@2x.png */ = {isa = PBXFileReference; lastKnownFileType = image.png; path = "cell_icon_bg@2x.png"; sourceTree = "<group>"; };
		631CB5831F92C73100961544 /* copa_cell.png */ = {isa = PBXFileReference; lastKnownFileType = image.png; path = copa_cell.png; sourceTree = "<group>"; };
		631CB5841F92C73100961544 /* cell_icon_bg.png */ = {isa = PBXFileReference; lastKnownFileType = image.png; path = cell_icon_bg.png; sourceTree = "<group>"; };
		631CB5851F92C73100961544 /* backBtn@2x.png */ = {isa = PBXFileReference; lastKnownFileType = image.png; path = "backBtn@2x.png"; sourceTree = "<group>"; };
		631CB5861F92C73100961544 /* cell_bg.png */ = {isa = PBXFileReference; lastKnownFileType = image.png; path = cell_bg.png; sourceTree = "<group>"; };
		631CB5871F92C73100961544 /* btn_bg.png */ = {isa = PBXFileReference; lastKnownFileType = image.png; path = btn_bg.png; sourceTree = "<group>"; };
		631CB5881F92C73100961544 /* btn_bg@2x.png */ = {isa = PBXFileReference; lastKnownFileType = image.png; path = "btn_bg@2x.png"; sourceTree = "<group>"; };
		631CB5891F92C73100961544 /* backBtn.png */ = {isa = PBXFileReference; lastKnownFileType = image.png; path = backBtn.png; sourceTree = "<group>"; };
		631CB58A1F92C73100961544 /* copa_cell@2x.png */ = {isa = PBXFileReference; lastKnownFileType = image.png; path = "copa_cell@2x.png"; sourceTree = "<group>"; };
		631CB5951F92C7A600961544 /* fileteBodega@2x.png */ = {isa = PBXFileReference; lastKnownFileType = image.png; path = "fileteBodega@2x.png"; sourceTree = "<group>"; };
		631CB5961F92C7A600961544 /* fileteUvaPortrait.png */ = {isa = PBXFileReference; lastKnownFileType = image.png; path = fileteUvaPortrait.png; sourceTree = "<group>"; };
		631CB5971F92C7A600961544 /* sectionBackground@2x.png */ = {isa = PBXFileReference; lastKnownFileType = image.png; path = "sectionBackground@2x.png"; sourceTree = "<group>"; };
		631CB5981F92C7A600961544 /* fileteUva.png */ = {isa = PBXFileReference; lastKnownFileType = image.png; path = fileteUva.png; sourceTree = "<group>"; };
		631CB5991F92C7A600961544 /* navBarBackgroundPortraitiPad@2x.png */ = {isa = PBXFileReference; lastKnownFileType = image.png; path = "navBarBackgroundPortraitiPad@2x.png"; sourceTree = "<group>"; };
		631CB59A1F92C7A600961544 /* fileteTipoLandscape@2x.png */ = {isa = PBXFileReference; lastKnownFileType = image.png; path = "fileteTipoLandscape@2x.png"; sourceTree = "<group>"; };
		631CB59B1F92C7A600961544 /* fileteDenominacion@2x.png */ = {isa = PBXFileReference; lastKnownFileType = image.png; path = "fileteDenominacion@2x.png"; sourceTree = "<group>"; };
		631CB59C1F92C7A600961544 /* navBarBackgroundPortrait.png */ = {isa = PBXFileReference; lastKnownFileType = image.png; path = navBarBackgroundPortrait.png; sourceTree = "<group>"; };
		631CB59D1F92C7A600961544 /* navBarBackgroundLandscapeiPad@2x.png */ = {isa = PBXFileReference; lastKnownFileType = image.png; path = "navBarBackgroundLandscapeiPad@2x.png"; sourceTree = "<group>"; };
		631CB59E1F92C7A600961544 /* sectionBackground.png */ = {isa = PBXFileReference; lastKnownFileType = image.png; path = sectionBackground.png; sourceTree = "<group>"; };
		631CB59F1F92C7A600961544 /* navBarBackgroundLandscape.png */ = {isa = PBXFileReference; lastKnownFileType = image.png; path = navBarBackgroundLandscape.png; sourceTree = "<group>"; };
		631CB5A01F92C7A600961544 /* fileteUvaPortrait@2x.png */ = {isa = PBXFileReference; lastKnownFileType = image.png; path = "fileteUvaPortrait@2x.png"; sourceTree = "<group>"; };
		631CB5A11F92C7A600961544 /* fileteBodegaLandscape@2x.png */ = {isa = PBXFileReference; lastKnownFileType = image.png; path = "fileteBodegaLandscape@2x.png"; sourceTree = "<group>"; };
		631CB5A21F92C7A600961544 /* navBarBackgroundPortraitiPad.png */ = {isa = PBXFileReference; lastKnownFileType = image.png; path = navBarBackgroundPortraitiPad.png; sourceTree = "<group>"; };
		631CB5A31F92C7A600961544 /* fileteTipo.png */ = {isa = PBXFileReference; lastKnownFileType = image.png; path = fileteTipo.png; sourceTree = "<group>"; };
		631CB5A41F92C7A700961544 /* navBarBackgroundLandscape@2x.png */ = {isa = PBXFileReference; lastKnownFileType = image.png; path = "navBarBackgroundLandscape@2x.png"; sourceTree = "<group>"; };
		631CB5A51F92C7A700961544 /* fileteDenominacion.png */ = {isa = PBXFileReference; lastKnownFileType = image.png; path = fileteDenominacion.png; sourceTree = "<group>"; };
		631CB5A61F92C7A700961544 /* fileteBodega.png */ = {isa = PBXFileReference; lastKnownFileType = image.png; path = fileteBodega.png; sourceTree = "<group>"; };
		631CB5A71F92C7A700961544 /* fileteTipo@2x.png */ = {isa = PBXFileReference; lastKnownFileType = image.png; path = "fileteTipo@2x.png"; sourceTree = "<group>"; };
		631CB5A81F92C7A700961544 /* fileteBodegaLandscape.png */ = {isa = PBXFileReference; lastKnownFileType = image.png; path = fileteBodegaLandscape.png; sourceTree = "<group>"; };
		631CB5A91F92C7A700961544 /* navBarBackgroundPortrait@2x.png */ = {isa = PBXFileReference; lastKnownFileType = image.png; path = "navBarBackgroundPortrait@2x.png"; sourceTree = "<group>"; };
		631CB5AA1F92C7A700961544 /* fileteTipoLandscape.png */ = {isa = PBXFileReference; lastKnownFileType = image.png; path = fileteTipoLandscape.png; sourceTree = "<group>"; };
		631CB5AB1F92C7A700961544 /* fileteOrigenLandscape@2x.png */ = {isa = PBXFileReference; lastKnownFileType = image.png; path = "fileteOrigenLandscape@2x.png"; sourceTree = "<group>"; };
		631CB5AC1F92C7A700961544 /* navBarBackgroundLandscapeiPad.png */ = {isa = PBXFileReference; lastKnownFileType = image.png; path = navBarBackgroundLandscapeiPad.png; sourceTree = "<group>"; };
		631CB5AD1F92C7A700961544 /* fileteUva@2x.png */ = {isa = PBXFileReference; lastKnownFileType = image.png; path = "fileteUva@2x.png"; sourceTree = "<group>"; };
		631CB5AE1F92C7A700961544 /* fileteOrigenLandscape.png */ = {isa = PBXFileReference; lastKnownFileType = image.png; path = fileteOrigenLandscape.png; sourceTree = "<group>"; };
		631CB5C91F92C83600961544 /* Valentina-Regular.otf */ = {isa = PBXFileReference; lastKnownFileType = file; path = "Valentina-Regular.otf"; sourceTree = "<group>"; };
		634CC6B41F93BE9B0016DACB /* SQAWineViewController~ipad.xib */ = {isa = PBXFileReference; fileEncoding = 4; lastKnownFileType = file.xib; path = "SQAWineViewController~ipad.xib"; sourceTree = "<group>"; };
		638AD8761F856CF600ACB7DC /* SQAWineViewController.h */ = {isa = PBXFileReference; lastKnownFileType = sourcecode.c.h; path = SQAWineViewController.h; sourceTree = "<group>"; };
		638AD8771F856CF600ACB7DC /* SQAWineViewController.m */ = {isa = PBXFileReference; lastKnownFileType = sourcecode.c.objc; path = SQAWineViewController.m; sourceTree = "<group>"; };
		638AD8781F856CF600ACB7DC /* SQAWineViewController.xib */ = {isa = PBXFileReference; lastKnownFileType = file.xib; path = SQAWineViewController.xib; sourceTree = "<group>"; };
		638AD8841F85930900ACB7DC /* bembibre.jpg */ = {isa = PBXFileReference; lastKnownFileType = image.jpeg; path = bembibre.jpg; sourceTree = "<group>"; };
		638AD8861F8593B100ACB7DC /* splitView_score_glass@2x.png */ = {isa = PBXFileReference; lastKnownFileType = image.png; path = "splitView_score_glass@2x.png"; sourceTree = "<group>"; };
		63CC5EAA1F843CE800176AE3 /* Baccus.app */ = {isa = PBXFileReference; explicitFileType = wrapper.application; includeInIndex = 0; path = Baccus.app; sourceTree = BUILT_PRODUCTS_DIR; };
		63CC5EAD1F843CE800176AE3 /* AppDelegate.h */ = {isa = PBXFileReference; lastKnownFileType = sourcecode.c.h; path = AppDelegate.h; sourceTree = "<group>"; };
		63CC5EAE1F843CE800176AE3 /* AppDelegate.m */ = {isa = PBXFileReference; lastKnownFileType = sourcecode.c.objc; path = AppDelegate.m; sourceTree = "<group>"; };
		63CC5EB01F843CE800176AE3 /* Assets.xcassets */ = {isa = PBXFileReference; lastKnownFileType = folder.assetcatalog; path = Assets.xcassets; sourceTree = "<group>"; };
		63CC5EB51F843CE800176AE3 /* Info.plist */ = {isa = PBXFileReference; lastKnownFileType = text.plist.xml; path = Info.plist; sourceTree = "<group>"; };
		63CC5EB61F843CE800176AE3 /* main.m */ = {isa = PBXFileReference; lastKnownFileType = sourcecode.c.objc; path = main.m; sourceTree = "<group>"; };
		63CC5EE71F844DEE00176AE3 /* SQAWineModel.h */ = {isa = PBXFileReference; lastKnownFileType = sourcecode.c.h; path = SQAWineModel.h; sourceTree = "<group>"; };
		63CC5EE81F844DEE00176AE3 /* SQAWineModel.m */ = {isa = PBXFileReference; lastKnownFileType = sourcecode.c.objc; path = SQAWineModel.m; sourceTree = "<group>"; };
		63DF938F1F85A2F10034603E /* SQAWebViewController.h */ = {isa = PBXFileReference; lastKnownFileType = sourcecode.c.h; path = SQAWebViewController.h; sourceTree = "<group>"; };
		63DF93901F85A2F10034603E /* SQAWebViewController.m */ = {isa = PBXFileReference; lastKnownFileType = sourcecode.c.objc; path = SQAWebViewController.m; sourceTree = "<group>"; };
		63DF93911F85A2F10034603E /* SQAWebViewController.xib */ = {isa = PBXFileReference; lastKnownFileType = file.xib; path = SQAWebViewController.xib; sourceTree = "<group>"; };
/* End PBXFileReference section */

/* Begin PBXFrameworksBuildPhase section */
		63CC5EA71F843CE800176AE3 /* Frameworks */ = {
			isa = PBXFrameworksBuildPhase;
			buildActionMask = 2147483647;
			files = (
			);
			runOnlyForDeploymentPostprocessing = 0;
		};
/* End PBXFrameworksBuildPhase section */

/* Begin PBXGroup section */
		638AD8751F856C4100ACB7DC /* Controllers */ = {
			isa = PBXGroup;
			children = (
				634CC6B41F93BE9B0016DACB /* SQAWineViewController~ipad.xib */,
				638AD8761F856CF600ACB7DC /* SQAWineViewController.h */,
				638AD8771F856CF600ACB7DC /* SQAWineViewController.m */,
				638AD8781F856CF600ACB7DC /* SQAWineViewController.xib */,
				63DF938F1F85A2F10034603E /* SQAWebViewController.h */,
				63DF93901F85A2F10034603E /* SQAWebViewController.m */,
				63DF93911F85A2F10034603E /* SQAWebViewController.xib */,
				630F4F991F894D3F00F44F86 /* SQAWineryTableViewController.h */,
				630F4F9A1F894D3F00F44F86 /* SQAWineryTableViewController.m */,
				630F4F9B1F894D3F00F44F86 /* SQAWineryTableViewController.xib */,
			);
			path = Controllers;
			sourceTree = "<group>";
		};
		638AD87D1F85897E00ACB7DC /* Resources */ = {
			isa = PBXGroup;
			children = (
				631CB5C91F92C83600961544 /* Valentina-Regular.otf */,
				631CB5A61F92C7A700961544 /* fileteBodega.png */,
				631CB5951F92C7A600961544 /* fileteBodega@2x.png */,
				631CB5A81F92C7A700961544 /* fileteBodegaLandscape.png */,
				631CB5A11F92C7A600961544 /* fileteBodegaLandscape@2x.png */,
				631CB5A51F92C7A700961544 /* fileteDenominacion.png */,
				631CB59B1F92C7A600961544 /* fileteDenominacion@2x.png */,
				631CB5AE1F92C7A700961544 /* fileteOrigenLandscape.png */,
				631CB5AB1F92C7A700961544 /* fileteOrigenLandscape@2x.png */,
				631CB5A31F92C7A600961544 /* fileteTipo.png */,
				631CB5A71F92C7A700961544 /* fileteTipo@2x.png */,
				631CB5AA1F92C7A700961544 /* fileteTipoLandscape.png */,
				631CB59A1F92C7A600961544 /* fileteTipoLandscape@2x.png */,
				631CB5981F92C7A600961544 /* fileteUva.png */,
				631CB5AD1F92C7A700961544 /* fileteUva@2x.png */,
				631CB5961F92C7A600961544 /* fileteUvaPortrait.png */,
				631CB5A01F92C7A600961544 /* fileteUvaPortrait@2x.png */,
				631CB59F1F92C7A600961544 /* navBarBackgroundLandscape.png */,
				631CB5A41F92C7A700961544 /* navBarBackgroundLandscape@2x.png */,
				631CB5AC1F92C7A700961544 /* navBarBackgroundLandscapeiPad.png */,
				631CB59D1F92C7A600961544 /* navBarBackgroundLandscapeiPad@2x.png */,
				631CB59C1F92C7A600961544 /* navBarBackgroundPortrait.png */,
				631CB5A91F92C7A700961544 /* navBarBackgroundPortrait@2x.png */,
				631CB5A21F92C7A600961544 /* navBarBackgroundPortraitiPad.png */,
				631CB5991F92C7A600961544 /* navBarBackgroundPortraitiPad@2x.png */,
				631CB59E1F92C7A600961544 /* sectionBackground.png */,
				631CB5971F92C7A600961544 /* sectionBackground@2x.png */,
				631CB5891F92C73100961544 /* backBtn.png */,
				631CB5851F92C73100961544 /* backBtn@2x.png */,
				631CB5871F92C73100961544 /* btn_bg.png */,
				631CB5881F92C73100961544 /* btn_bg@2x.png */,
				631CB5861F92C73100961544 /* cell_bg.png */,
				631CB5811F92C73100961544 /* cell_bg@2x.png */,
				631CB5841F92C73100961544 /* cell_icon_bg.png */,
				631CB5821F92C73100961544 /* cell_icon_bg@2x.png */,
				631CB5831F92C73100961544 /* copa_cell.png */,
				631CB58A1F92C73100961544 /* copa_cell@2x.png */,
				630F4F931F8845FF00F44F86 /* comtesDeChampagne.jpg */,
				630F4F921F8845FE00F44F86 /* zarate.gif */,
				638AD8861F8593B100ACB7DC /* splitView_score_glass@2x.png */,
				638AD8841F85930900ACB7DC /* bembibre.jpg */,
			);
			path = Resources;
			sourceTree = "<group>";
		};
		638AD87E1F85899B00ACB7DC /* Models */ = {
			isa = PBXGroup;
			children = (
				63CC5EE71F844DEE00176AE3 /* SQAWineModel.h */,
				63CC5EE81F844DEE00176AE3 /* SQAWineModel.m */,
				630F4F961F8946FD00F44F86 /* SQAWineryModel.h */,
				630F4F971F8946FD00F44F86 /* SQAWineryModel.m */,
			);
			path = Models;
			sourceTree = "<group>";
		};
		63CC5EA11F843CE800176AE3 = {
			isa = PBXGroup;
			children = (
				63CC5EAC1F843CE800176AE3 /* Baccus */,
				63CC5EAB1F843CE800176AE3 /* Products */,
			);
			sourceTree = "<group>";
		};
		63CC5EAB1F843CE800176AE3 /* Products */ = {
			isa = PBXGroup;
			children = (
				63CC5EAA1F843CE800176AE3 /* Baccus.app */,
			);
			name = Products;
			sourceTree = "<group>";
		};
		63CC5EAC1F843CE800176AE3 /* Baccus */ = {
			isa = PBXGroup;
			children = (
				638AD87E1F85899B00ACB7DC /* Models */,
				638AD87D1F85897E00ACB7DC /* Resources */,
				638AD8751F856C4100ACB7DC /* Controllers */,
				63CC5EAD1F843CE800176AE3 /* AppDelegate.h */,
				63CC5EAE1F843CE800176AE3 /* AppDelegate.m */,
				63CC5EB01F843CE800176AE3 /* Assets.xcassets */,
				63CC5EB51F843CE800176AE3 /* Info.plist */,
				63CC5EB61F843CE800176AE3 /* main.m */,
			);
			path = Baccus;
			sourceTree = "<group>";
		};
/* End PBXGroup section */

/* Begin PBXNativeTarget section */
		63CC5EA91F843CE800176AE3 /* Baccus */ = {
			isa = PBXNativeTarget;
			buildConfigurationList = 63CC5EBA1F843CE800176AE3 /* Build configuration list for PBXNativeTarget "Baccus" */;
			buildPhases = (
				63CC5EA61F843CE800176AE3 /* Sources */,
				63CC5EA71F843CE800176AE3 /* Frameworks */,
				63CC5EA81F843CE800176AE3 /* Resources */,
			);
			buildRules = (
			);
			dependencies = (
			);
			name = Baccus;
			productName = Baccus;
			productReference = 63CC5EAA1F843CE800176AE3 /* Baccus.app */;
			productType = "com.apple.product-type.application";
		};
/* End PBXNativeTarget section */

/* Begin PBXProject section */
		63CC5EA21F843CE800176AE3 /* Project object */ = {
			isa = PBXProject;
			attributes = {
				LastUpgradeCheck = 0900;
				ORGANIZATIONNAME = "David López Rodriguez";
				TargetAttributes = {
					63CC5EA91F843CE800176AE3 = {
						CreatedOnToolsVersion = 9.0;
						ProvisioningStyle = Automatic;
					};
				};
			};
			buildConfigurationList = 63CC5EA51F843CE800176AE3 /* Build configuration list for PBXProject "Baccus" */;
			compatibilityVersion = "Xcode 8.0";
			developmentRegion = en;
			hasScannedForEncodings = 0;
			knownRegions = (
				en,
				Base,
			);
			mainGroup = 63CC5EA11F843CE800176AE3;
			productRefGroup = 63CC5EAB1F843CE800176AE3 /* Products */;
			projectDirPath = "";
			projectRoot = "";
			targets = (
				63CC5EA91F843CE800176AE3 /* Baccus */,
			);
		};
/* End PBXProject section */

/* Begin PBXResourcesBuildPhase section */
		63CC5EA81F843CE800176AE3 /* Resources */ = {
			isa = PBXResourcesBuildPhase;
			buildActionMask = 2147483647;
			files = (
				631CB5C21F92C7A700961544 /* fileteBodegaLandscape.png in Resources */,
				631CB5BC1F92C7A700961544 /* navBarBackgroundPortraitiPad.png in Resources */,
				631CB58B1F92C73100961544 /* cell_bg@2x.png in Resources */,
				631CB5B51F92C7A700961544 /* fileteDenominacion@2x.png in Resources */,
				631CB5B91F92C7A700961544 /* navBarBackgroundLandscape.png in Resources */,
				631CB5B31F92C7A700961544 /* navBarBackgroundPortraitiPad@2x.png in Resources */,
				631CB5C71F92C7A700961544 /* fileteUva@2x.png in Resources */,
				630F4F9D1F894D3F00F44F86 /* SQAWineryTableViewController.xib in Resources */,
				631CB5C01F92C7A700961544 /* fileteBodega.png in Resources */,
				631CB5B01F92C7A700961544 /* fileteUvaPortrait.png in Resources */,
				631CB5B11F92C7A700961544 /* sectionBackground@2x.png in Resources */,
				631CB5B61F92C7A700961544 /* navBarBackgroundPortrait.png in Resources */,
				631CB5CA1F92C83600961544 /* Valentina-Regular.otf in Resources */,
				631CB5C11F92C7A700961544 /* fileteTipo@2x.png in Resources */,
				631CB5901F92C73100961544 /* cell_bg.png in Resources */,
				631CB5911F92C73100961544 /* btn_bg.png in Resources */,
				631CB5AF1F92C7A700961544 /* fileteBodega@2x.png in Resources */,
				631CB5B71F92C7A700961544 /* navBarBackgroundLandscapeiPad@2x.png in Resources */,
				631CB58C1F92C73100961544 /* cell_icon_bg@2x.png in Resources */,
				631CB5BB1F92C7A700961544 /* fileteBodegaLandscape@2x.png in Resources */,
				638AD8871F8593B100ACB7DC /* splitView_score_glass@2x.png in Resources */,
				631CB5931F92C73100961544 /* backBtn.png in Resources */,
				631CB5C31F92C7A700961544 /* navBarBackgroundPortrait@2x.png in Resources */,
				631CB5921F92C73100961544 /* btn_bg@2x.png in Resources */,
				631CB5BE1F92C7A700961544 /* navBarBackgroundLandscape@2x.png in Resources */,
				631CB58F1F92C73100961544 /* backBtn@2x.png in Resources */,
				630F4F951F8845FF00F44F86 /* comtesDeChampagne.jpg in Resources */,
				631CB5B21F92C7A700961544 /* fileteUva.png in Resources */,
				631CB5B41F92C7A700961544 /* fileteTipoLandscape@2x.png in Resources */,
				631CB5C51F92C7A700961544 /* fileteOrigenLandscape@2x.png in Resources */,
				63CC5EB11F843CE800176AE3 /* Assets.xcassets in Resources */,
				631CB5BA1F92C7A700961544 /* fileteUvaPortrait@2x.png in Resources */,
				634CC6B51F93BE9B0016DACB /* SQAWineViewController~ipad.xib in Resources */,
				638AD8851F85930900ACB7DC /* bembibre.jpg in Resources */,
				631CB5C81F92C7A700961544 /* fileteOrigenLandscape.png in Resources */,
				631CB5B81F92C7A700961544 /* sectionBackground.png in Resources */,
				631CB5BF1F92C7A700961544 /* fileteDenominacion.png in Resources */,
				638AD87A1F856CF600ACB7DC /* SQAWineViewController.xib in Resources */,
				63DF93931F85A2F10034603E /* SQAWebViewController.xib in Resources */,
				631CB5C41F92C7A700961544 /* fileteTipoLandscape.png in Resources */,
				631CB5BD1F92C7A700961544 /* fileteTipo.png in Resources */,
				631CB5C61F92C7A700961544 /* navBarBackgroundLandscapeiPad.png in Resources */,
				630F4F941F8845FF00F44F86 /* zarate.gif in Resources */,
				631CB5941F92C73100961544 /* copa_cell@2x.png in Resources */,
				631CB58D1F92C73100961544 /* copa_cell.png in Resources */,
				631CB58E1F92C73100961544 /* cell_icon_bg.png in Resources */,
			);
			runOnlyForDeploymentPostprocessing = 0;
		};
/* End PBXResourcesBuildPhase section */

/* Begin PBXSourcesBuildPhase section */
		63CC5EA61F843CE800176AE3 /* Sources */ = {
			isa = PBXSourcesBuildPhase;
			buildActionMask = 2147483647;
			files = (
				63CC5EB71F843CE800176AE3 /* main.m in Sources */,
				63CC5EE91F844DEE00176AE3 /* SQAWineModel.m in Sources */,
				63DF93921F85A2F10034603E /* SQAWebViewController.m in Sources */,
				638AD8791F856CF600ACB7DC /* SQAWineViewController.m in Sources */,
				63CC5EAF1F843CE800176AE3 /* AppDelegate.m in Sources */,
				630F4F981F8946FD00F44F86 /* SQAWineryModel.m in Sources */,
				630F4F9C1F894D3F00F44F86 /* SQAWineryTableViewController.m in Sources */,
			);
			runOnlyForDeploymentPostprocessing = 0;
		};
/* End PBXSourcesBuildPhase section */

/* Begin XCBuildConfiguration section */
		63CC5EB81F843CE800176AE3 /* Debug */ = {
			isa = XCBuildConfiguration;
			buildSettings = {
				ALWAYS_SEARCH_USER_PATHS = NO;
				CLANG_ANALYZER_NONNULL = YES;
				CLANG_ANALYZER_NUMBER_OBJECT_CONVERSION = YES_AGGRESSIVE;
				CLANG_CXX_LANGUAGE_STANDARD = "gnu++14";
				CLANG_CXX_LIBRARY = "libc++";
				CLANG_ENABLE_MODULES = YES;
				CLANG_ENABLE_OBJC_ARC = YES;
				CLANG_WARN_BLOCK_CAPTURE_AUTORELEASING = YES;
				CLANG_WARN_BOOL_CONVERSION = YES;
				CLANG_WARN_COMMA = YES;
				CLANG_WARN_CONSTANT_CONVERSION = YES;
				CLANG_WARN_DIRECT_OBJC_ISA_USAGE = YES_ERROR;
				CLANG_WARN_DOCUMENTATION_COMMENTS = YES;
				CLANG_WARN_EMPTY_BODY = YES;
				CLANG_WARN_ENUM_CONVERSION = YES;
				CLANG_WARN_INFINITE_RECURSION = YES;
				CLANG_WARN_INT_CONVERSION = YES;
				CLANG_WARN_NON_LITERAL_NULL_CONVERSION = YES;
				CLANG_WARN_OBJC_LITERAL_CONVERSION = YES;
				CLANG_WARN_OBJC_ROOT_CLASS = YES_ERROR;
				CLANG_WARN_RANGE_LOOP_ANALYSIS = YES;
				CLANG_WARN_STRICT_PROTOTYPES = YES;
				CLANG_WARN_SUSPICIOUS_MOVE = YES;
				CLANG_WARN_UNGUARDED_AVAILABILITY = YES_AGGRESSIVE;
				CLANG_WARN_UNREACHABLE_CODE = YES;
				CLANG_WARN__DUPLICATE_METHOD_MATCH = YES;
				CODE_SIGN_IDENTITY = "iPhone Developer";
				COPY_PHASE_STRIP = NO;
				DEBUG_INFORMATION_FORMAT = dwarf;
				ENABLE_STRICT_OBJC_MSGSEND = YES;
				ENABLE_TESTABILITY = YES;
				GCC_C_LANGUAGE_STANDARD = gnu11;
				GCC_DYNAMIC_NO_PIC = NO;
				GCC_NO_COMMON_BLOCKS = YES;
				GCC_OPTIMIZATION_LEVEL = 0;
				GCC_PREPROCESSOR_DEFINITIONS = (
					"DEBUG=1",
					"$(inherited)",
				);
				GCC_WARN_64_TO_32_BIT_CONVERSION = YES;
				GCC_WARN_ABOUT_RETURN_TYPE = YES_ERROR;
				GCC_WARN_UNDECLARED_SELECTOR = YES;
				GCC_WARN_UNINITIALIZED_AUTOS = YES_AGGRESSIVE;
				GCC_WARN_UNUSED_FUNCTION = YES;
				GCC_WARN_UNUSED_VARIABLE = YES;
				IPHONEOS_DEPLOYMENT_TARGET = 11.0;
				MTL_ENABLE_DEBUG_INFO = YES;
				ONLY_ACTIVE_ARCH = YES;
				SDKROOT = iphoneos;
			};
			name = Debug;
		};
		63CC5EB91F843CE800176AE3 /* Release */ = {
			isa = XCBuildConfiguration;
			buildSettings = {
				ALWAYS_SEARCH_USER_PATHS = NO;
				CLANG_ANALYZER_NONNULL = YES;
				CLANG_ANALYZER_NUMBER_OBJECT_CONVERSION = YES_AGGRESSIVE;
				CLANG_CXX_LANGUAGE_STANDARD = "gnu++14";
				CLANG_CXX_LIBRARY = "libc++";
				CLANG_ENABLE_MODULES = YES;
				CLANG_ENABLE_OBJC_ARC = YES;
				CLANG_WARN_BLOCK_CAPTURE_AUTORELEASING = YES;
				CLANG_WARN_BOOL_CONVERSION = YES;
				CLANG_WARN_COMMA = YES;
				CLANG_WARN_CONSTANT_CONVERSION = YES;
				CLANG_WARN_DIRECT_OBJC_ISA_USAGE = YES_ERROR;
				CLANG_WARN_DOCUMENTATION_COMMENTS = YES;
				CLANG_WARN_EMPTY_BODY = YES;
				CLANG_WARN_ENUM_CONVERSION = YES;
				CLANG_WARN_INFINITE_RECURSION = YES;
				CLANG_WARN_INT_CONVERSION = YES;
				CLANG_WARN_NON_LITERAL_NULL_CONVERSION = YES;
				CLANG_WARN_OBJC_LITERAL_CONVERSION = YES;
				CLANG_WARN_OBJC_ROOT_CLASS = YES_ERROR;
				CLANG_WARN_RANGE_LOOP_ANALYSIS = YES;
				CLANG_WARN_STRICT_PROTOTYPES = YES;
				CLANG_WARN_SUSPICIOUS_MOVE = YES;
				CLANG_WARN_UNGUARDED_AVAILABILITY = YES_AGGRESSIVE;
				CLANG_WARN_UNREACHABLE_CODE = YES;
				CLANG_WARN__DUPLICATE_METHOD_MATCH = YES;
				CODE_SIGN_IDENTITY = "iPhone Developer";
				COPY_PHASE_STRIP = NO;
				DEBUG_INFORMATION_FORMAT = "dwarf-with-dsym";
				ENABLE_NS_ASSERTIONS = NO;
				ENABLE_STRICT_OBJC_MSGSEND = YES;
				GCC_C_LANGUAGE_STANDARD = gnu11;
				GCC_NO_COMMON_BLOCKS = YES;
				GCC_WARN_64_TO_32_BIT_CONVERSION = YES;
				GCC_WARN_ABOUT_RETURN_TYPE = YES_ERROR;
				GCC_WARN_UNDECLARED_SELECTOR = YES;
				GCC_WARN_UNINITIALIZED_AUTOS = YES_AGGRESSIVE;
				GCC_WARN_UNUSED_FUNCTION = YES;
				GCC_WARN_UNUSED_VARIABLE = YES;
				IPHONEOS_DEPLOYMENT_TARGET = 11.0;
				MTL_ENABLE_DEBUG_INFO = NO;
				SDKROOT = iphoneos;
				VALIDATE_PRODUCT = YES;
			};
			name = Release;
		};
		63CC5EBB1F843CE800176AE3 /* Debug */ = {
			isa = XCBuildConfiguration;
			buildSettings = {
				ASSETCATALOG_COMPILER_APPICON_NAME = AppIcon;
				CODE_SIGN_STYLE = Automatic;
				DEVELOPMENT_TEAM = 4GQ2929676;
				INFOPLIST_FILE = Baccus/Info.plist;
				LD_RUNPATH_SEARCH_PATHS = "$(inherited) @executable_path/Frameworks";
				PRODUCT_BUNDLE_IDENTIFIER = com.squareapp.Baccus;
				PRODUCT_NAME = "$(TARGET_NAME)";
				TARGETED_DEVICE_FAMILY = "1,2";
			};
			name = Debug;
		};
		63CC5EBC1F843CE800176AE3 /* Release */ = {
			isa = XCBuildConfiguration;
			buildSettings = {
				ASSETCATALOG_COMPILER_APPICON_NAME = AppIcon;
				CODE_SIGN_STYLE = Automatic;
				DEVELOPMENT_TEAM = 4GQ2929676;
				INFOPLIST_FILE = Baccus/Info.plist;
				LD_RUNPATH_SEARCH_PATHS = "$(inherited) @executable_path/Frameworks";
				PRODUCT_BUNDLE_IDENTIFIER = com.squareapp.Baccus;
				PRODUCT_NAME = "$(TARGET_NAME)";
				TARGETED_DEVICE_FAMILY = "1,2";
			};
			name = Release;
		};
/* End XCBuildConfiguration section */

/* Begin XCConfigurationList section */
		63CC5EA51F843CE800176AE3 /* Build configuration list for PBXProject "Baccus" */ = {
			isa = XCConfigurationList;
			buildConfigurations = (
				63CC5EB81F843CE800176AE3 /* Debug */,
				63CC5EB91F843CE800176AE3 /* Release */,
			);
			defaultConfigurationIsVisible = 0;
			defaultConfigurationName = Release;
		};
		63CC5EBA1F843CE800176AE3 /* Build configuration list for PBXNativeTarget "Baccus" */ = {
			isa = XCConfigurationList;
			buildConfigurations = (
				63CC5EBB1F843CE800176AE3 /* Debug */,
				63CC5EBC1F843CE800176AE3 /* Release */,
			);
			defaultConfigurationIsVisible = 0;
			defaultConfigurationName = Release;
		};
/* End XCConfigurationList section */
	};
	rootObject = 63CC5EA21F843CE800176AE3 /* Project object */;
}
